
Microsoft Visual Studio Solution File, Format Version 12.00
# Visual Studio Version 16
VisualStudioVersion = 16.0.32929.386
MinimumVisualStudioVersion = 10.0.40219.1
Project("{FAE04EC0-301F-11D3-BF4B-00C04F79EFBC}") = "eTickets", "eTickets\eTickets.csproj", "{0C8B7876-D6D9-4065-AC4E-55E0A879C64D}"
EndProject
Global
	GlobalSection(SolutionConfigurationPlatforms) = preSolution
		Debug|Any CPU = Debug|Any CPU
		Release|Any CPU = Release|Any CPU
	EndGlobalSection
	GlobalSection(ProjectConfigurationPlatforms) = postSolution
		{0C8B7876-D6D9-4065-AC4E-55E0A879C64D}.Debug|Any CPU.ActiveCfg = Debug|Any CPU
		{0C8B7876-D6D9-4065-AC4E-55E0A879C64D}.Debug|Any CPU.Build.0 = Debug|Any CPU
		{0C8B7876-D6D9-4065-AC4E-55E0A879C64D}.Release|Any CPU.ActiveCfg = Release|Any CPU
		{0C8B7876-D6D9-4065-AC4E-55E0A879C64D}.Release|Any CPU.Build.0 = Release|Any CPU
	EndGlobalSection
	GlobalSection(SolutionProperties) = preSolution
		HideSolutionNode = FALSE
	EndGlobalSection
	GlobalSection(ExtensibilityGlobals) = postSolution
		SolutionGuid = {676ACE1C-CEAF-4AA9-A0BD-5ADF44FAB1C3}
	EndGlobalSection
EndGlobal
